
Microsoft Visual Studio Solution File, Format Version 12.00
# Visual Studio 15
VisualStudioVersion = 15.0.28010.2036
MinimumVisualStudioVersion = 10.0.40219.1
Project("{9A19103F-16F7-4668-BE54-9A1E7A4F7556}") = "Octodiff-test", "Octodiff-test\Octodiff-test.csproj", "{BBC7332E-BE89-43E5-BCB1-68A4FE41364B}"
EndProject
Project("{9A19103F-16F7-4668-BE54-9A1E7A4F7556}") = "octodiff-client", "octodiff-client\octodiff-client.csproj", "{1807C370-B146-42BF-A08E-CEC766E983A1}"
EndProject
Project("{FAE04EC0-301F-11D3-BF4B-00C04F79EFBC}") = "FakeAws", "FakeAws\FakeAws.csproj", "{847DF2DB-A7DA-4421-9C34-BB2711B1FF94}"
EndProject
Global
	GlobalSection(SolutionConfigurationPlatforms) = preSolution
		Debug|Any CPU = Debug|Any CPU
		Release|Any CPU = Release|Any CPU
	EndGlobalSection
	GlobalSection(ProjectConfigurationPlatforms) = postSolution
		{BBC7332E-BE89-43E5-BCB1-68A4FE41364B}.Debug|Any CPU.ActiveCfg = Debug|Any CPU
		{BBC7332E-BE89-43E5-BCB1-68A4FE41364B}.Debug|Any CPU.Build.0 = Debug|Any CPU
		{BBC7332E-BE89-43E5-BCB1-68A4FE41364B}.Release|Any CPU.ActiveCfg = Release|Any CPU
		{BBC7332E-BE89-43E5-BCB1-68A4FE41364B}.Release|Any CPU.Build.0 = Release|Any CPU
		{1807C370-B146-42BF-A08E-CEC766E983A1}.Debug|Any CPU.ActiveCfg = Debug|Any CPU
		{1807C370-B146-42BF-A08E-CEC766E983A1}.Debug|Any CPU.Build.0 = Debug|Any CPU
		{1807C370-B146-42BF-A08E-CEC766E983A1}.Release|Any CPU.ActiveCfg = Release|Any CPU
		{1807C370-B146-42BF-A08E-CEC766E983A1}.Release|Any CPU.Build.0 = Release|Any CPU
		{847DF2DB-A7DA-4421-9C34-BB2711B1FF94}.Debug|Any CPU.ActiveCfg = Debug|Any CPU
		{847DF2DB-A7DA-4421-9C34-BB2711B1FF94}.Debug|Any CPU.Build.0 = Debug|Any CPU
		{847DF2DB-A7DA-4421-9C34-BB2711B1FF94}.Release|Any CPU.ActiveCfg = Release|Any CPU
		{847DF2DB-A7DA-4421-9C34-BB2711B1FF94}.Release|Any CPU.Build.0 = Release|Any CPU
	EndGlobalSection
	GlobalSection(SolutionProperties) = preSolution
		HideSolutionNode = FALSE
	EndGlobalSection
	GlobalSection(ExtensibilityGlobals) = postSolution
		SolutionGuid = {69F0F4FF-7A7E-41A6-96DC-A12847BC9172}
	EndGlobalSection
EndGlobal
